<?xml version="1.0" encoding="utf-8"?>
<Project ToolsVersion="4.0" xmlns="http://schemas.microsoft.com/developer/msbuild/2003">
  <ItemGroup>
    <Filter Include="Demos">
      <UniqueIdentifier>{1DC3060D-89D7-2EBE-5259-D21DBE2C2BEF}</UniqueIdentifier>
    </Filter>
  </ItemGroup>
  <ItemGroup>
    <ClInclude Include="Demos\Common.h">
      <Filter>Demos</Filter>
    </ClInclude>
  </ItemGroup>
  <ItemGroup>
    <ClCompile Include="Demos\GeometryShader.cpp">
      <Filter>Demos</Filter>
    </ClCompile>
    <ClCompile Include="Demos\HelloTriangle.cpp">
      <Filter>Demos</Filter>
    </ClCompile>
    <ClCompile Include="Demos\NormalVector.cpp">
      <Filter>Demos</Filter>
    </ClCompile>
    <ClCompile Include="Main.cpp" />
  </ItemGroup>
</Project>